
Microsoft Visual Studio Solution File, Format Version 12.00
# Visual Studio Version 16
VisualStudioVersion = 16.0.31025.194
MinimumVisualStudioVersion = 10.0.40219.1
Project("{FAE04EC0-301F-11D3-BF4B-00C04F79EFBC}") = "Demo_Login", "Demo_Login\Demo_Login.csproj", "{5A2AC36E-EBB1-4382-8378-ACE6B2309935}"
EndProject
Global
	GlobalSection(SolutionConfigurationPlatforms) = preSolution
		Debug|Any CPU = Debug|Any CPU
		Debug|x86 = Debug|x86
		Release|Any CPU = Release|Any CPU
		Release|x86 = Release|x86
	EndGlobalSection
	GlobalSection(ProjectConfigurationPlatforms) = postSolution
		{5A2AC36E-EBB1-4382-8378-ACE6B2309935}.Debug|Any CPU.ActiveCfg = Debug|Any CPU
		{5A2AC36E-EBB1-4382-8378-ACE6B2309935}.Debug|Any CPU.Build.0 = Debug|Any CPU
		{5A2AC36E-EBB1-4382-8378-ACE6B2309935}.Debug|x86.ActiveCfg = Debug|x86
		{5A2AC36E-EBB1-4382-8378-ACE6B2309935}.Debug|x86.Build.0 = Debug|x86
		{5A2AC36E-EBB1-4382-8378-ACE6B2309935}.Release|Any CPU.ActiveCfg = Release|Any CPU
		{5A2AC36E-EBB1-4382-8378-ACE6B2309935}.Release|Any CPU.Build.0 = Release|Any CPU
		{5A2AC36E-EBB1-4382-8378-ACE6B2309935}.Release|x86.ActiveCfg = Release|x86
		{5A2AC36E-EBB1-4382-8378-ACE6B2309935}.Release|x86.Build.0 = Release|x86
	EndGlobalSection
	GlobalSection(SolutionProperties) = preSolution
		HideSolutionNode = FALSE
	EndGlobalSection
	GlobalSection(ExtensibilityGlobals) = postSolution
		SolutionGuid = {F1863BAC-2663-4783-9E33-4F1029D2B5CB}
	EndGlobalSection
EndGlobal
