
Microsoft Visual Studio Solution File, Format Version 12.00
# Visual Studio Version 16
VisualStudioVersion = 16.0.31025.194
MinimumVisualStudioVersion = 10.0.40219.1
Project("{FAE04EC0-301F-11D3-BF4B-00C04F79EFBC}") = "Test1", "Test1\Test1.csproj", "{45AA6997-256F-4032-B899-246B336FABD1}"
EndProject
Global
	GlobalSection(SolutionConfigurationPlatforms) = preSolution
		Debug|Any CPU = Debug|Any CPU
		Release|Any CPU = Release|Any CPU
	EndGlobalSection
	GlobalSection(ProjectConfigurationPlatforms) = postSolution
		{45AA6997-256F-4032-B899-246B336FABD1}.Debug|Any CPU.ActiveCfg = Debug|Any CPU
		{45AA6997-256F-4032-B899-246B336FABD1}.Debug|Any CPU.Build.0 = Debug|Any CPU
		{45AA6997-256F-4032-B899-246B336FABD1}.Release|Any CPU.ActiveCfg = Release|Any CPU
		{45AA6997-256F-4032-B899-246B336FABD1}.Release|Any CPU.Build.0 = Release|Any CPU
	EndGlobalSection
	GlobalSection(SolutionProperties) = preSolution
		HideSolutionNode = FALSE
	EndGlobalSection
	GlobalSection(ExtensibilityGlobals) = postSolution
		SolutionGuid = {9CB1E279-FCD0-4E01-ABC5-9B2C3A8581A2}
	EndGlobalSection
EndGlobal
